# This file was autogenerated by Stack.
# You should not edit this file by hand.
# For more information, please see the documentation at:
#   https://docs.haskellstack.org/en/stable/lock_files

packages:
- completed:
    hackage: control-monad-exception-0.11.4@sha256:c3181f559eb8702a83918fb61d13cf9676c048f2cc6d58fe52daf75b66c70e20,3728
    pantry-tree:
      size: 596
      sha256: dd276233f02b25bf7d704bdb1c9d73390810d9e4ef5843d6b6312c31ad55b619
  original:
    hackage: control-monad-exception-0.11.4@sha256:c3181f559eb8702a83918fb61d13cf9676c048f2cc6d58fe52daf75b66c70e20,3728
- completed:
    hackage: failure-0.2.0.3@sha256:29004ffd55df07ba26f57a99c36417f1769d13405321b8064c098154ad9bb456,672
    pantry-tree:
      size: 164
      sha256: 835cec43f0700c798d8d6e656a2861bda21200684cd8877ac6de8c2bd985ec6f
  original:
    hackage: failure-0.2.0.3@sha256:29004ffd55df07ba26f57a99c36417f1769d13405321b8064c098154ad9bb456,672
- completed:
    hackage: monadloc-0.7.1@sha256:addd6a3bd789aeb13965446726c8d93b746a64ac4fc6e5a80da7242bd50a50db,1711
    pantry-tree:
      size: 304
      sha256: 4f37ac375c2f95df2944f5bb198e3e1bdd5f96e5631055940cdf424f8e92884c
  original:
    hackage: monadloc-0.7.1@sha256:addd6a3bd789aeb13965446726c8d93b746a64ac4fc6e5a80da7242bd50a50db,1711
- completed:
    name: testcontainers
    version: 0.3.1.0
    git: https://github.com/frabbit/testcontainers-hs.git
    pantry-tree:
      size: 1135
      sha256: 814cce5fe24cb86c1b2419fae71854bc0c45e1a02494e3b8507eddb37b5590ad
    commit: 27c37a93180289d42facc0f126436ed5ef0e9760
  original:
    git: https://github.com/frabbit/testcontainers-hs.git
    commit: 27c37a93180289d42facc0f126436ed5ef0e9760
- completed:
    hackage: haskus-utils-variant-3.2.1@sha256:791f4cf1e786eb578f4d37aef60986641f84c36e130164321f7d01542584066a,2200
    pantry-tree:
      size: 1022
      sha256: f33b10f2c2b96a064a007e75aa71cff2befbcc597069c39beec189d945021e73
  original:
    hackage: haskus-utils-variant-3.2.1@sha256:791f4cf1e786eb578f4d37aef60986641f84c36e130164321f7d01542584066a,2200
- completed:
    hackage: haskus-utils-data-1.4@sha256:bfa94363b94b14779edd6834fbd59dbb847c3d7b8f48e3844f456ffdc077da4a,1466
    pantry-tree:
      size: 872
      sha256: 0b40fd5e679a2badd33b049876592c120d0c45ec0dd3fe651ca60c0e09cf9042
  original:
    hackage: haskus-utils-data-1.4@sha256:bfa94363b94b14779edd6834fbd59dbb847c3d7b8f48e3844f456ffdc077da4a,1466
- completed:
    hackage: haskus-utils-types-1.5.1@sha256:991c472f4e751e2f0d7aab6ad4220ef151d6160876dcf0511bbf876bbd432020,1298
    pantry-tree:
      size: 853
      sha256: 67355c8db2c9452e73fb5463914d7bcc80f3fdb09ff1d710aba1a9d3547a0806
  original:
    hackage: haskus-utils-types-1.5.1@sha256:991c472f4e751e2f0d7aab6ad4220ef151d6160876dcf0511bbf876bbd432020,1298
- completed:
    name: oops
    version: 0.1.0.0
    git: https://github.com/i-am-tom/oops.git
    pantry-tree:
      size: 410
      sha256: a637cd3ece8c9ec9305327667af55b5aa3ccfb0aeade4d3a0ffa0d2aa7468d67
    commit: 72932c6d6ebc69b086806686929fc30f20eddf74
  original:
    git: https://github.com/i-am-tom/oops.git
    commit: 72932c6d6ebc69b086806686929fc30f20eddf74
snapshots:
- completed:
    size: 618506
    url: https://raw.githubusercontent.com/commercialhaskell/stackage-snapshots/master/lts/19/8.yaml
    sha256: f1c4aca9b9b81afbb9db55571acb0690cdc01ac97a178234de281f9dc075e95e
  original: lts-19.8
